
Microsoft Visual Studio Solution File, Format Version 12.00
# Visual Studio Version 16
VisualStudioVersion = 16.0.29318.209
MinimumVisualStudioVersion = 10.0.40219.1
Project("{FAE04EC0-301F-11D3-BF4B-00C04F79EFBC}") = "TEST2", "TEST2.csproj", "{322774DA-9DDF-46E4-8D2B-A45FD484A556}"
EndProject
Global
	GlobalSection(SolutionConfigurationPlatforms) = preSolution
		Debug|Any CPU = Debug|Any CPU
		Release|Any CPU = Release|Any CPU
	EndGlobalSection
	GlobalSection(ProjectConfigurationPlatforms) = postSolution
		{322774DA-9DDF-46E4-8D2B-A45FD484A556}.Debug|Any CPU.ActiveCfg = Debug|Any CPU
		{322774DA-9DDF-46E4-8D2B-A45FD484A556}.Debug|Any CPU.Build.0 = Debug|Any CPU
		{322774DA-9DDF-46E4-8D2B-A45FD484A556}.Release|Any CPU.ActiveCfg = Release|Any CPU
		{322774DA-9DDF-46E4-8D2B-A45FD484A556}.Release|Any CPU.Build.0 = Release|Any CPU
	EndGlobalSection
	GlobalSection(SolutionProperties) = preSolution
		HideSolutionNode = FALSE
	EndGlobalSection
	GlobalSection(ExtensibilityGlobals) = postSolution
		SolutionGuid = {88496548-0179-40E8-A0F1-07BE2D6D36E5}
	EndGlobalSection
EndGlobal
